// !$*UTF8*$!
{
	archiveVersion = 1;
	classes = {
	};
	objectVersion = 55;
	objects = {

/* Begin PBXBuildFile section */
		BDCC2DC928AD786600FB90D9 /* AppDelegate.swift in Sources */ = {isa = PBXBuildFile; fileRef = BDCC2DC828AD786600FB90D9 /* AppDelegate.swift */; };
		BDCC2DCB28AD786600FB90D9 /* SceneDelegate.swift in Sources */ = {isa = PBXBuildFile; fileRef = BDCC2DCA28AD786600FB90D9 /* SceneDelegate.swift */; };
		BDCC2DCD28AD786600FB90D9 /* ViewController.swift in Sources */ = {isa = PBXBuildFile; fileRef = BDCC2DCC28AD786600FB90D9 /* ViewController.swift */; };
		BDCC2DD028AD786600FB90D9 /* Main.storyboard in Resources */ = {isa = PBXBuildFile; fileRef = BDCC2DCE28AD786600FB90D9 /* Main.storyboard */; };
		BDCC2DD328AD786600FB90D9 /* milkmapannotate.xcdatamodeld in Sources */ = {isa = PBXBuildFile; fileRef = BDCC2DD128AD786600FB90D9 /* milkmapannotate.xcdatamodeld */; };
		BDCC2DD528AD786800FB90D9 /* Assets.xcassets in Resources */ = {isa = PBXBuildFile; fileRef = BDCC2DD428AD786800FB90D9 /* Assets.xcassets */; };
		BDCC2DD828AD786800FB90D9 /* LaunchScreen.storyboard in Resources */ = {isa = PBXBuildFile; fileRef = BDCC2DD628AD786800FB90D9 /* LaunchScreen.storyboard */; };
		BDCC2DE328AD786800FB90D9 /* milkmapannotateTests.swift in Sources */ = {isa = PBXBuildFile; fileRef = BDCC2DE228AD786800FB90D9 /* milkmapannotateTests.swift */; };
		BDCC2DED28AD786800FB90D9 /* milkmapannotateUITests.swift in Sources */ = {isa = PBXBuildFile; fileRef = BDCC2DEC28AD786800FB90D9 /* milkmapannotateUITests.swift */; };
		BDCC2DEF28AD786800FB90D9 /* milkmapannotateUITestsLaunchTests.swift in Sources */ = {isa = PBXBuildFile; fileRef = BDCC2DEE28AD786800FB90D9 /* milkmapannotateUITestsLaunchTests.swift */; };
		BDCC2E3B28AECB7B00FB90D9 /* locationDetailsViewController.swift in Sources */ = {isa = PBXBuildFile; fileRef = BDCC2E3A28AECB7B00FB90D9 /* locationDetailsViewController.swift */; };
/* End PBXBuildFile section */

/* Begin PBXContainerItemProxy section */
		BDCC2DDF28AD786800FB90D9 /* PBXContainerItemProxy */ = {
			isa = PBXContainerItemProxy;
			containerPortal = BDCC2DBD28AD786600FB90D9 /* Project object */;
			proxyType = 1;
			remoteGlobalIDString = BDCC2DC428AD786600FB90D9;
			remoteInfo = milkmapannotate;
		};
		BDCC2DE928AD786800FB90D9 /* PBXContainerItemProxy */ = {
			isa = PBXContainerItemProxy;
			containerPortal = BDCC2DBD28AD786600FB90D9 /* Project object */;
			proxyType = 1;
			remoteGlobalIDString = BDCC2DC428AD786600FB90D9;
			remoteInfo = milkmapannotate;
		};
/* End PBXContainerItemProxy section */

/* Begin PBXFileReference section */
		BDCC2DC528AD786600FB90D9 /* milkmapannotate.app */ = {isa = PBXFileReference; explicitFileType = wrapper.application; includeInIndex = 0; path = milkmapannotate.app; sourceTree = BUILT_PRODUCTS_DIR; };
		BDCC2DC828AD786600FB90D9 /* AppDelegate.swift */ = {isa = PBXFileReference; lastKnownFileType = sourcecode.swift; path = AppDelegate.swift; sourceTree = "<group>"; };
		BDCC2DCA28AD786600FB90D9 /* SceneDelegate.swift */ = {isa = PBXFileReference; lastKnownFileType = sourcecode.swift; path = SceneDelegate.swift; sourceTree = "<group>"; };
		BDCC2DCC28AD786600FB90D9 /* ViewController.swift */ = {isa = PBXFileReference; lastKnownFileType = sourcecode.swift; path = ViewController.swift; sourceTree = "<group>"; };
		BDCC2DCF28AD786600FB90D9 /* Base */ = {isa = PBXFileReference; lastKnownFileType = file.storyboard; name = Base; path = Base.lproj/Main.storyboard; sourceTree = "<group>"; };
		BDCC2DD228AD786600FB90D9 /* milkmapannotate.xcdatamodel */ = {isa = PBXFileReference; lastKnownFileType = wrapper.xcdatamodel; path = milkmapannotate.xcdatamodel; sourceTree = "<group>"; };
		BDCC2DD428AD786800FB90D9 /* Assets.xcassets */ = {isa = PBXFileReference; lastKnownFileType = folder.assetcatalog; path = Assets.xcassets; sourceTree = "<group>"; };
		BDCC2DD728AD786800FB90D9 /* Base */ = {isa = PBXFileReference; lastKnownFileType = file.storyboard; name = Base; path = Base.lproj/LaunchScreen.storyboard; sourceTree = "<group>"; };
		BDCC2DD928AD786800FB90D9 /* Info.plist */ = {isa = PBXFileReference; lastKnownFileType = text.plist.xml; path = Info.plist; sourceTree = "<group>"; };
		BDCC2DDE28AD786800FB90D9 /* milkmapannotateTests.xctest */ = {isa = PBXFileReference; explicitFileType = wrapper.cfbundle; includeInIndex = 0; path = milkmapannotateTests.xctest; sourceTree = BUILT_PRODUCTS_DIR; };
		BDCC2DE228AD786800FB90D9 /* milkmapannotateTests.swift */ = {isa = PBXFileReference; lastKnownFileType = sourcecode.swift; path = milkmapannotateTests.swift; sourceTree = "<group>"; };
		BDCC2DE828AD786800FB90D9 /* milkmapannotateUITests.xctest */ = {isa = PBXFileReference; explicitFileType = wrapper.cfbundle; includeInIndex = 0; path = milkmapannotateUITests.xctest; sourceTree = BUILT_PRODUCTS_DIR; };
		BDCC2DEC28AD786800FB90D9 /* milkmapannotateUITests.swift */ = {isa = PBXFileReference; lastKnownFileType = sourcecode.swift; path = milkmapannotateUITests.swift; sourceTree = "<group>"; };
		BDCC2DEE28AD786800FB90D9 /* milkmapannotateUITestsLaunchTests.swift */ = {isa = PBXFileReference; lastKnownFileType = sourcecode.swift; path = milkmapannotateUITestsLaunchTests.swift; sourceTree = "<group>"; };
		BDCC2E3A28AECB7B00FB90D9 /* locationDetailsViewController.swift */ = {isa = PBXFileReference; lastKnownFileType = sourcecode.swift; path = locationDetailsViewController.swift; sourceTree = "<group>"; };
/* End PBXFileReference section */

/* Begin PBXFrameworksBuildPhase section */
		BDCC2DC228AD786600FB90D9 /* Frameworks */ = {
			isa = PBXFrameworksBuildPhase;
			buildActionMask = 2147483647;
			files = (
			);
			runOnlyForDeploymentPostprocessing = 0;
		};
		BDCC2DDB28AD786800FB90D9 /* Frameworks */ = {
			isa = PBXFrameworksBuildPhase;
			buildActionMask = 2147483647;
			files = (
			);
			runOnlyForDeploymentPostprocessing = 0;
		};
		BDCC2DE528AD786800FB90D9 /* Frameworks */ = {
			isa = PBXFrameworksBuildPhase;
			buildActionMask = 2147483647;
			files = (
			);
			runOnlyForDeploymentPostprocessing = 0;
		};
/* End PBXFrameworksBuildPhase section */

/* Begin PBXGroup section */
		BDCC2DBC28AD786600FB90D9 = {
			isa = PBXGroup;
			children = (
				BDCC2DC728AD786600FB90D9 /* milkmapannotate */,
				BDCC2DE128AD786800FB90D9 /* milkmapannotateTests */,
				BDCC2DEB28AD786800FB90D9 /* milkmapannotateUITests */,
				BDCC2DC628AD786600FB90D9 /* Products */,
			);
			sourceTree = "<group>";
		};
		BDCC2DC628AD786600FB90D9 /* Products */ = {
			isa = PBXGroup;
			children = (
				BDCC2DC528AD786600FB90D9 /* milkmapannotate.app */,
				BDCC2DDE28AD786800FB90D9 /* milkmapannotateTests.xctest */,
				BDCC2DE828AD786800FB90D9 /* milkmapannotateUITests.xctest */,
			);
			name = Products;
			sourceTree = "<group>";
		};
		BDCC2DC728AD786600FB90D9 /* milkmapannotate */ = {
			isa = PBXGroup;
			children = (
				BDCC2DC828AD786600FB90D9 /* AppDelegate.swift */,
				BDCC2DCA28AD786600FB90D9 /* SceneDelegate.swift */,
				BDCC2DCC28AD786600FB90D9 /* ViewController.swift */,
				BDCC2DCE28AD786600FB90D9 /* Main.storyboard */,
				BDCC2DD428AD786800FB90D9 /* Assets.xcassets */,
				BDCC2DD628AD786800FB90D9 /* LaunchScreen.storyboard */,
				BDCC2DD928AD786800FB90D9 /* Info.plist */,
				BDCC2DD128AD786600FB90D9 /* milkmapannotate.xcdatamodeld */,
				BDCC2E3A28AECB7B00FB90D9 /* locationDetailsViewController.swift */,
			);
			path = milkmapannotate;
			sourceTree = "<group>";
		};
		BDCC2DE128AD786800FB90D9 /* milkmapannotateTests */ = {
			isa = PBXGroup;
			children = (
				BDCC2DE228AD786800FB90D9 /* milkmapannotateTests.swift */,
			);
			path = milkmapannotateTests;
			sourceTree = "<group>";
		};
		BDCC2DEB28AD786800FB90D9 /* milkmapannotateUITests */ = {
			isa = PBXGroup;
			children = (
				BDCC2DEC28AD786800FB90D9 /* milkmapannotateUITests.swift */,
				BDCC2DEE28AD786800FB90D9 /* milkmapannotateUITestsLaunchTests.swift */,
			);
			path = milkmapannotateUITests;
			sourceTree = "<group>";
		};
/* End PBXGroup section */

/* Begin PBXNativeTarget section */
		BDCC2DC428AD786600FB90D9 /* milkmapannotate */ = {
			isa = PBXNativeTarget;
			buildConfigurationList = BDCC2DF228AD786800FB90D9 /* Build configuration list for PBXNativeTarget "milkmapannotate" */;
			buildPhases = (
				BDCC2DC128AD786600FB90D9 /* Sources */,
				BDCC2DC228AD786600FB90D9 /* Frameworks */,
				BDCC2DC328AD786600FB90D9 /* Resources */,
			);
			buildRules = (
			);
			dependencies = (
			);
			name = milkmapannotate;
			productName = milkmapannotate;
			productReference = BDCC2DC528AD786600FB90D9 /* milkmapannotate.app */;
			productType = "com.apple.product-type.application";
		};
		BDCC2DDD28AD786800FB90D9 /* milkmapannotateTests */ = {
			isa = PBXNativeTarget;
			buildConfigurationList = BDCC2DF528AD786800FB90D9 /* Build configuration list for PBXNativeTarget "milkmapannotateTests" */;
			buildPhases = (
				BDCC2DDA28AD786800FB90D9 /* Sources */,
				BDCC2DDB28AD786800FB90D9 /* Frameworks */,
				BDCC2DDC28AD786800FB90D9 /* Resources */,
			);
			buildRules = (
			);
			dependencies = (
				BDCC2DE028AD786800FB90D9 /* PBXTargetDependency */,
			);
			name = milkmapannotateTests;
			productName = milkmapannotateTests;
			productReference = BDCC2DDE28AD786800FB90D9 /* milkmapannotateTests.xctest */;
			productType = "com.apple.product-type.bundle.unit-test";
		};
		BDCC2DE728AD786800FB90D9 /* milkmapannotateUITests */ = {
			isa = PBXNativeTarget;
			buildConfigurationList = BDCC2DF828AD786800FB90D9 /* Build configuration list for PBXNativeTarget "milkmapannotateUITests" */;
			buildPhases = (
				BDCC2DE428AD786800FB90D9 /* Sources */,
				BDCC2DE528AD786800FB90D9 /* Frameworks */,
				BDCC2DE628AD786800FB90D9 /* Resources */,
			);
			buildRules = (
			);
			dependencies = (
				BDCC2DEA28AD786800FB90D9 /* PBXTargetDependency */,
			);
			name = milkmapannotateUITests;
			productName = milkmapannotateUITests;
			productReference = BDCC2DE828AD786800FB90D9 /* milkmapannotateUITests.xctest */;
			productType = "com.apple.product-type.bundle.ui-testing";
		};
/* End PBXNativeTarget section */

/* Begin PBXProject section */
		BDCC2DBD28AD786600FB90D9 /* Project object */ = {
			isa = PBXProject;
			attributes = {
				BuildIndependentTargetsInParallel = 1;
				LastSwiftUpdateCheck = 1340;
				LastUpgradeCheck = 1340;
				TargetAttributes = {
					BDCC2DC428AD786600FB90D9 = {
						CreatedOnToolsVersion = 13.4.1;
					};
					BDCC2DDD28AD786800FB90D9 = {
						CreatedOnToolsVersion = 13.4.1;
						TestTargetID = BDCC2DC428AD786600FB90D9;
					};
					BDCC2DE728AD786800FB90D9 = {
						CreatedOnToolsVersion = 13.4.1;
						TestTargetID = BDCC2DC428AD786600FB90D9;
					};
				};
			};
			buildConfigurationList = BDCC2DC028AD786600FB90D9 /* Build configuration list for PBXProject "milkmapannotate" */;
			compatibilityVersion = "Xcode 13.0";
			developmentRegion = en;
			hasScannedForEncodings = 0;
			knownRegions = (
				en,
				Base,
			);
			mainGroup = BDCC2DBC28AD786600FB90D9;
			productRefGroup = BDCC2DC628AD786600FB90D9 /* Products */;
			projectDirPath = "";
			projectRoot = "";
			targets = (
				BDCC2DC428AD786600FB90D9 /* milkmapannotate */,
				BDCC2DDD28AD786800FB90D9 /* milkmapannotateTests */,
				BDCC2DE728AD786800FB90D9 /* milkmapannotateUITests */,
			);
		};
/* End PBXProject section */

/* Begin PBXResourcesBuildPhase section */
		BDCC2DC328AD786600FB90D9 /* Resources */ = {
			isa = PBXResourcesBuildPhase;
			buildActionMask = 2147483647;
			files = (
				BDCC2DD828AD786800FB90D9 /* LaunchScreen.storyboard in Resources */,
				BDCC2DD528AD786800FB90D9 /* Assets.xcassets in Resources */,
				BDCC2DD028AD786600FB90D9 /* Main.storyboard in Resources */,
			);
			runOnlyForDeploymentPostprocessing = 0;
		};
		BDCC2DDC28AD786800FB90D9 /* Resources */ = {
			isa = PBXResourcesBuildPhase;
			buildActionMask = 2147483647;
			files = (
			);
			runOnlyForDeploymentPostprocessing = 0;
		};
		BDCC2DE628AD786800FB90D9 /* Resources */ = {
			isa = PBXResourcesBuildPhase;
			buildActionMask = 2147483647;
			files = (
			);
			runOnlyForDeploymentPostprocessing = 0;
		};
/* End PBXResourcesBuildPhase section */

/* Begin PBXSourcesBuildPhase section */
		BDCC2DC128AD786600FB90D9 /* Sources */ = {
			isa = PBXSourcesBuildPhase;
			buildActionMask = 2147483647;
			files = (
				BDCC2DCD28AD786600FB90D9 /* ViewController.swift in Sources */,
				BDCC2DD328AD786600FB90D9 /* milkmapannotate.xcdatamodeld in Sources */,
				BDCC2E3B28AECB7B00FB90D9 /* locationDetailsViewController.swift in Sources */,
				BDCC2DC928AD786600FB90D9 /* AppDelegate.swift in Sources */,
				BDCC2DCB28AD786600FB90D9 /* SceneDelegate.swift in Sources */,
			);
			runOnlyForDeploymentPostprocessing = 0;
		};
		BDCC2DDA28AD786800FB90D9 /* Sources */ = {
			isa = PBXSourcesBuildPhase;
			buildActionMask = 2147483647;
			files = (
				BDCC2DE328AD786800FB90D9 /* milkmapannotateTests.swift in Sources */,
			);
			runOnlyForDeploymentPostprocessing = 0;
		};
		BDCC2DE428AD786800FB90D9 /* Sources */ = {
			isa = PBXSourcesBuildPhase;
			buildActionMask = 2147483647;
			files = (
				BDCC2DEF28AD786800FB90D9 /* milkmapannotateUITestsLaunchTests.swift in Sources */,
				BDCC2DED28AD786800FB90D9 /* milkmapannotateUITests.swift in Sources */,
			);
			runOnlyForDeploymentPostprocessing = 0;
		};
/* End PBXSourcesBuildPhase section */

/* Begin PBXTargetDependency section */
		BDCC2DE028AD786800FB90D9 /* PBXTargetDependency */ = {
			isa = PBXTargetDependency;
			target = BDCC2DC428AD786600FB90D9 /* milkmapannotate */;
			targetProxy = BDCC2DDF28AD786800FB90D9 /* PBXContainerItemProxy */;
		};
		BDCC2DEA28AD786800FB90D9 /* PBXTargetDependency */ = {
			isa = PBXTargetDependency;
			target = BDCC2DC428AD786600FB90D9 /* milkmapannotate */;
			targetProxy = BDCC2DE928AD786800FB90D9 /* PBXContainerItemProxy */;
		};
/* End PBXTargetDependency section */

/* Begin PBXVariantGroup section */
		BDCC2DCE28AD786600FB90D9 /* Main.storyboard */ = {
			isa = PBXVariantGroup;
			children = (
				BDCC2DCF28AD786600FB90D9 /* Base */,
			);
			name = Main.storyboard;
			sourceTree = "<group>";
		};
		BDCC2DD628AD786800FB90D9 /* LaunchScreen.storyboard */ = {
			isa = PBXVariantGroup;
			children = (
				BDCC2DD728AD786800FB90D9 /* Base */,
			);
			name = LaunchScreen.storyboard;
			sourceTree = "<group>";
		};
/* End PBXVariantGroup section */

/* Begin XCBuildConfiguration section */
		BDCC2DF028AD786800FB90D9 /* Debug */ = {
			isa = XCBuildConfiguration;
			buildSettings = {
				ALWAYS_SEARCH_USER_PATHS = NO;
				CLANG_ANALYZER_NONNULL = YES;
				CLANG_ANALYZER_NUMBER_OBJECT_CONVERSION = YES_AGGRESSIVE;
				CLANG_CXX_LANGUAGE_STANDARD = "gnu++17";
				CLANG_ENABLE_MODULES = YES;
				CLANG_ENABLE_OBJC_ARC = YES;
				CLANG_ENABLE_OBJC_WEAK = YES;
				CLANG_WARN_BLOCK_CAPTURE_AUTORELEASING = YES;
				CLANG_WARN_BOOL_CONVERSION = YES;
				CLANG_WARN_COMMA = YES;
				CLANG_WARN_CONSTANT_CONVERSION = YES;
				CLANG_WARN_DEPRECATED_OBJC_IMPLEMENTATIONS = YES;
				CLANG_WARN_DIRECT_OBJC_ISA_USAGE = YES_ERROR;
				CLANG_WARN_DOCUMENTATION_COMMENTS = YES;
				CLANG_WARN_EMPTY_BODY = YES;
				CLANG_WARN_ENUM_CONVERSION = YES;
				CLANG_WARN_INFINITE_RECURSION = YES;
				CLANG_WARN_INT_CONVERSION = YES;
				CLANG_WARN_NON_LITERAL_NULL_CONVERSION = YES;
				CLANG_WARN_OBJC_IMPLICIT_RETAIN_SELF = YES;
				CLANG_WARN_OBJC_LITERAL_CONVERSION = YES;
				CLANG_WARN_OBJC_ROOT_CLASS = YES_ERROR;
				CLANG_WARN_QUOTED_INCLUDE_IN_FRAMEWORK_HEADER = YES;
				CLANG_WARN_RANGE_LOOP_ANALYSIS = YES;
				CLANG_WARN_STRICT_PROTOTYPES = YES;
				CLANG_WARN_SUSPICIOUS_MOVE = YES;
				CLANG_WARN_UNGUARDED_AVAILABILITY = YES_AGGRESSIVE;
				CLANG_WARN_UNREACHABLE_CODE = YES;
				CLANG_WARN__DUPLICATE_METHOD_MATCH = YES;
				COPY_PHASE_STRIP = NO;
				DEBUG_INFORMATION_FORMAT = dwarf;
				ENABLE_STRICT_OBJC_MSGSEND = YES;
				ENABLE_TESTABILITY = YES;
				GCC_C_LANGUAGE_STANDARD = gnu11;
				GCC_DYNAMIC_NO_PIC = NO;
				GCC_NO_COMMON_BLOCKS = YES;
				GCC_OPTIMIZATION_LEVEL = 0;
				GCC_PREPROCESSOR_DEFINITIONS = (
					"DEBUG=1",
					"$(inherited)",
				);
				GCC_WARN_64_TO_32_BIT_CONVERSION = YES;
				GCC_WARN_ABOUT_RETURN_TYPE = YES_ERROR;
				GCC_WARN_UNDECLARED_SELECTOR = YES;
				GCC_WARN_UNINITIALIZED_AUTOS = YES_AGGRESSIVE;
				GCC_WARN_UNUSED_FUNCTION = YES;
				GCC_WARN_UNUSED_VARIABLE = YES;
				IPHONEOS_DEPLOYMENT_TARGET = 15.5;
				MTL_ENABLE_DEBUG_INFO = INCLUDE_SOURCE;
				MTL_FAST_MATH = YES;
				ONLY_ACTIVE_ARCH = YES;
				SDKROOT = iphoneos;
				SWIFT_ACTIVE_COMPILATION_CONDITIONS = DEBUG;
				SWIFT_OPTIMIZATION_LEVEL = "-Onone";
			};
			name = Debug;
		};
		BDCC2DF128AD786800FB90D9 /* Release */ = {
			isa = XCBuildConfiguration;
			buildSettings = {
				ALWAYS_SEARCH_USER_PATHS = NO;
				CLANG_ANALYZER_NONNULL = YES;
				CLANG_ANALYZER_NUMBER_OBJECT_CONVERSION = YES_AGGRESSIVE;
				CLANG_CXX_LANGUAGE_STANDARD = "gnu++17";
				CLANG_ENABLE_MODULES = YES;
				CLANG_ENABLE_OBJC_ARC = YES;
				CLANG_ENABLE_OBJC_WEAK = YES;
				CLANG_WARN_BLOCK_CAPTURE_AUTORELEASING = YES;
				CLANG_WARN_BOOL_CONVERSION = YES;
				CLANG_WARN_COMMA = YES;
				CLANG_WARN_CONSTANT_CONVERSION = YES;
				CLANG_WARN_DEPRECATED_OBJC_IMPLEMENTATIONS = YES;
				CLANG_WARN_DIRECT_OBJC_ISA_USAGE = YES_ERROR;
				CLANG_WARN_DOCUMENTATION_COMMENTS = YES;
				CLANG_WARN_EMPTY_BODY = YES;
				CLANG_WARN_ENUM_CONVERSION = YES;
				CLANG_WARN_INFINITE_RECURSION = YES;
				CLANG_WARN_INT_CONVERSION = YES;
				CLANG_WARN_NON_LITERAL_NULL_CONVERSION = YES;
				CLANG_WARN_OBJC_IMPLICIT_RETAIN_SELF = YES;
				CLANG_WARN_OBJC_LITERAL_CONVERSION = YES;
				CLANG_WARN_OBJC_ROOT_CLASS = YES_ERROR;
				CLANG_WARN_QUOTED_INCLUDE_IN_FRAMEWORK_HEADER = YES;
				CLANG_WARN_RANGE_LOOP_ANALYSIS = YES;
				CLANG_WARN_STRICT_PROTOTYPES = YES;
				CLANG_WARN_SUSPICIOUS_MOVE = YES;
				CLANG_WARN_UNGUARDED_AVAILABILITY = YES_AGGRESSIVE;
				CLANG_WARN_UNREACHABLE_CODE = YES;
				CLANG_WARN__DUPLICATE_METHOD_MATCH = YES;
				COPY_PHASE_STRIP = NO;
				DEBUG_INFORMATION_FORMAT = "dwarf-with-dsym";
				ENABLE_NS_ASSERTIONS = NO;
				ENABLE_STRICT_OBJC_MSGSEND = YES;
				GCC_C_LANGUAGE_STANDARD = gnu11;
				GCC_NO_COMMON_BLOCKS = YES;
				GCC_WARN_64_TO_32_BIT_CONVERSION = YES;
				GCC_WARN_ABOUT_RETURN_TYPE = YES_ERROR;
				GCC_WARN_UNDECLARED_SELECTOR = YES;
				GCC_WARN_UNINITIALIZED_AUTOS = YES_AGGRESSIVE;
				GCC_WARN_UNUSED_FUNCTION = YES;
				GCC_WARN_UNUSED_VARIABLE = YES;
				IPHONEOS_DEPLOYMENT_TARGET = 15.5;
				MTL_ENABLE_DEBUG_INFO = NO;
				MTL_FAST_MATH = YES;
				SDKROOT = iphoneos;
				SWIFT_COMPILATION_MODE = wholemodule;
				SWIFT_OPTIMIZATION_LEVEL = "-O";
				VALIDATE_PRODUCT = YES;
			};
			name = Release;
		};
		BDCC2DF328AD786800FB90D9 /* Debug */ = {
			isa = XCBuildConfiguration;
			buildSettings = {
				ASSETCATALOG_COMPILER_APPICON_NAME = AppIcon;
				ASSETCATALOG_COMPILER_GLOBAL_ACCENT_COLOR_NAME = AccentColor;
				CODE_SIGN_STYLE = Automatic;
				CURRENT_PROJECT_VERSION = 1;
				GENERATE_INFOPLIST_FILE = YES;
				INFOPLIST_FILE = milkmapannotate/Info.plist;
				INFOPLIST_KEY_UIApplicationSupportsIndirectInputEvents = YES;
				INFOPLIST_KEY_UILaunchStoryboardName = LaunchScreen;
				INFOPLIST_KEY_UIMainStoryboardFile = Main;
				INFOPLIST_KEY_UISupportedInterfaceOrientations_iPad = "UIInterfaceOrientationPortrait UIInterfaceOrientationPortraitUpsideDown UIInterfaceOrientationLandscapeLeft UIInterfaceOrientationLandscapeRight";
				INFOPLIST_KEY_UISupportedInterfaceOrientations_iPhone = "UIInterfaceOrientationPortrait UIInterfaceOrientationLandscapeLeft UIInterfaceOrientationLandscapeRight";
				LD_RUNPATH_SEARCH_PATHS = (
					"$(inherited)",
					"@executable_path/Frameworks",
				);
				MARKETING_VERSION = 1.0;
				PRODUCT_BUNDLE_IDENTIFIER = kwk.milkmapannotate;
				PRODUCT_NAME = "$(TARGET_NAME)";
				SWIFT_EMIT_LOC_STRINGS = YES;
				SWIFT_VERSION = 5.0;
				TARGETED_DEVICE_FAMILY = "1,2";
			};
			name = Debug;
		};
		BDCC2DF428AD786800FB90D9 /* Release */ = {
			isa = XCBuildConfiguration;
			buildSettings = {
				ASSETCATALOG_COMPILER_APPICON_NAME = AppIcon;
				ASSETCATALOG_COMPILER_GLOBAL_ACCENT_COLOR_NAME = AccentColor;
				CODE_SIGN_STYLE = Automatic;
				CURRENT_PROJECT_VERSION = 1;
				GENERATE_INFOPLIST_FILE = YES;
				INFOPLIST_FILE = milkmapannotate/Info.plist;
				INFOPLIST_KEY_UIApplicationSupportsIndirectInputEvents = YES;
				INFOPLIST_KEY_UILaunchStoryboardName = LaunchScreen;
				INFOPLIST_KEY_UIMainStoryboardFile = Main;
				INFOPLIST_KEY_UISupportedInterfaceOrientations_iPad = "UIInterfaceOrientationPortrait UIInterfaceOrientationPortraitUpsideDown UIInterfaceOrientationLandscapeLeft UIInterfaceOrientationLandscapeRight";
				INFOPLIST_KEY_UISupportedInterfaceOrientations_iPhone = "UIInterfaceOrientationPortrait UIInterfaceOrientationLandscapeLeft UIInterfaceOrientationLandscapeRight";
				LD_RUNPATH_SEARCH_PATHS = (
					"$(inherited)",
					"@executable_path/Frameworks",
				);
				MARKETING_VERSION = 1.0;
				PRODUCT_BUNDLE_IDENTIFIER = kwk.milkmapannotate;
				PRODUCT_NAME = "$(TARGET_NAME)";
				SWIFT_EMIT_LOC_STRINGS = YES;
				SWIFT_VERSION = 5.0;
				TARGETED_DEVICE_FAMILY = "1,2";
			};
			name = Release;
		};
		BDCC2DF628AD786800FB90D9 /* Debug */ = {
			isa = XCBuildConfiguration;
			buildSettings = {
				ALWAYS_EMBED_SWIFT_STANDARD_LIBRARIES = YES;
				BUNDLE_LOADER = "$(TEST_HOST)";
				CODE_SIGN_STYLE = Automatic;
				CURRENT_PROJECT_VERSION = 1;
				GENERATE_INFOPLIST_FILE = YES;
				IPHONEOS_DEPLOYMENT_TARGET = 15.5;
				MARKETING_VERSION = 1.0;
				PRODUCT_BUNDLE_IDENTIFIER = kwk.milkmapannotateTests;
				PRODUCT_NAME = "$(TARGET_NAME)";
				SWIFT_EMIT_LOC_STRINGS = NO;
				SWIFT_VERSION = 5.0;
				TARGETED_DEVICE_FAMILY = "1,2";
				TEST_HOST = "$(BUILT_PRODUCTS_DIR)/milkmapannotate.app/milkmapannotate";
			};
			name = Debug;
		};
		BDCC2DF728AD786800FB90D9 /* Release */ = {
			isa = XCBuildConfiguration;
			buildSettings = {
				ALWAYS_EMBED_SWIFT_STANDARD_LIBRARIES = YES;
				BUNDLE_LOADER = "$(TEST_HOST)";
				CODE_SIGN_STYLE = Automatic;
				CURRENT_PROJECT_VERSION = 1;
				GENERATE_INFOPLIST_FILE = YES;
				IPHONEOS_DEPLOYMENT_TARGET = 15.5;
				MARKETING_VERSION = 1.0;
				PRODUCT_BUNDLE_IDENTIFIER = kwk.milkmapannotateTests;
				PRODUCT_NAME = "$(TARGET_NAME)";
				SWIFT_EMIT_LOC_STRINGS = NO;
				SWIFT_VERSION = 5.0;
				TARGETED_DEVICE_FAMILY = "1,2";
				TEST_HOST = "$(BUILT_PRODUCTS_DIR)/milkmapannotate.app/milkmapannotate";
			};
			name = Release;
		};
		BDCC2DF928AD786800FB90D9 /* Debug */ = {
			isa = XCBuildConfiguration;
			buildSettings = {
				ALWAYS_EMBED_SWIFT_STANDARD_LIBRARIES = YES;
				CODE_SIGN_STYLE = Automatic;
				CURRENT_PROJECT_VERSION = 1;
				GENERATE_INFOPLIST_FILE = YES;
				MARKETING_VERSION = 1.0;
				PRODUCT_BUNDLE_IDENTIFIER = kwk.milkmapannotateUITests;
				PRODUCT_NAME = "$(TARGET_NAME)";
				SWIFT_EMIT_LOC_STRINGS = NO;
				SWIFT_VERSION = 5.0;
				TARGETED_DEVICE_FAMILY = "1,2";
				TEST_TARGET_NAME = milkmapannotate;
			};
			name = Debug;
		};
		BDCC2DFA28AD786800FB90D9 /* Release */ = {
			isa = XCBuildConfiguration;
			buildSettings = {
				ALWAYS_EMBED_SWIFT_STANDARD_LIBRARIES = YES;
				CODE_SIGN_STYLE = Automatic;
				CURRENT_PROJECT_VERSION = 1;
				GENERATE_INFOPLIST_FILE = YES;
				MARKETING_VERSION = 1.0;
				PRODUCT_BUNDLE_IDENTIFIER = kwk.milkmapannotateUITests;
				PRODUCT_NAME = "$(TARGET_NAME)";
				SWIFT_EMIT_LOC_STRINGS = NO;
				SWIFT_VERSION = 5.0;
				TARGETED_DEVICE_FAMILY = "1,2";
				TEST_TARGET_NAME = milkmapannotate;
			};
			name = Release;
		};
/* End XCBuildConfiguration section */

/* Begin XCConfigurationList section */
		BDCC2DC028AD786600FB90D9 /* Build configuration list for PBXProject "milkmapannotate" */ = {
			isa = XCConfigurationList;
			buildConfigurations = (
				BDCC2DF028AD786800FB90D9 /* Debug */,
				BDCC2DF128AD786800FB90D9 /* Release */,
			);
			defaultConfigurationIsVisible = 0;
			defaultConfigurationName = Release;
		};
		BDCC2DF228AD786800FB90D9 /* Build configuration list for PBXNativeTarget "milkmapannotate" */ = {
			isa = XCConfigurationList;
			buildConfigurations = (
				BDCC2DF328AD786800FB90D9 /* Debug */,
				BDCC2DF428AD786800FB90D9 /* Release */,
			);
			defaultConfigurationIsVisible = 0;
			defaultConfigurationName = Release;
		};
		BDCC2DF528AD786800FB90D9 /* Build configuration list for PBXNativeTarget "milkmapannotateTests" */ = {
			isa = XCConfigurationList;
			buildConfigurations = (
				BDCC2DF628AD786800FB90D9 /* Debug */,
				BDCC2DF728AD786800FB90D9 /* Release */,
			);
			defaultConfigurationIsVisible = 0;
			defaultConfigurationName = Release;
		};
		BDCC2DF828AD786800FB90D9 /* Build configuration list for PBXNativeTarget "milkmapannotateUITests" */ = {
			isa = XCConfigurationList;
			buildConfigurations = (
				BDCC2DF928AD786800FB90D9 /* Debug */,
				BDCC2DFA28AD786800FB90D9 /* Release */,
			);
			defaultConfigurationIsVisible = 0;
			defaultConfigurationName = Release;
		};
/* End XCConfigurationList section */

/* Begin XCVersionGroup section */
		BDCC2DD128AD786600FB90D9 /* milkmapannotate.xcdatamodeld */ = {
			isa = XCVersionGroup;
			children = (
				BDCC2DD228AD786600FB90D9 /* milkmapannotate.xcdatamodel */,
			);
			currentVersion = BDCC2DD228AD786600FB90D9 /* milkmapannotate.xcdatamodel */;
			path = milkmapannotate.xcdatamodeld;
			sourceTree = "<group>";
			versionGroupType = wrapper.xcdatamodel;
		};
/* End XCVersionGroup section */
	};
	rootObject = BDCC2DBD28AD786600FB90D9 /* Project object */;
}
